// !$*UTF8*$!
{
	archiveVersion = 1;
	classes = {
	};
	objectVersion = 50;
	objects = {

/* Begin PBXBuildFile section */
		D814ACED21F574630063777E /* AppDelegate.swift in Sources */ = {isa = PBXBuildFile; fileRef = D814ACEC21F574630063777E /* AppDelegate.swift */; };
		D814ACF421F574640063777E /* Assets.xcassets in Resources */ = {isa = PBXBuildFile; fileRef = D814ACF321F574640063777E /* Assets.xcassets */; };
		D814ACF721F574640063777E /* LaunchScreen.storyboard in Resources */ = {isa = PBXBuildFile; fileRef = D814ACF521F574640063777E /* LaunchScreen.storyboard */; };
		D814AD0221F574640063777E /* SendTests.swift in Sources */ = {isa = PBXBuildFile; fileRef = D814AD0121F574640063777E /* SendTests.swift */; };
		D814AD1321F5749D0063777E /* ShareViewController.swift in Sources */ = {isa = PBXBuildFile; fileRef = D814AD1221F5749D0063777E /* ShareViewController.swift */; };
		D814AD1621F5749D0063777E /* MainInterface.storyboard in Resources */ = {isa = PBXBuildFile; fileRef = D814AD1421F5749D0063777E /* MainInterface.storyboard */; };
		D814AD1A21F5749D0063777E /* SendShareExtension.appex in Embed App Extensions */ = {isa = PBXBuildFile; fileRef = D814AD1021F5749D0063777E /* SendShareExtension.appex */; settings = {ATTRIBUTES = (RemoveHeadersOnCopy, ); }; };
		D814AD2621F576D50063777E /* Alamofire.framework in Frameworks */ = {isa = PBXBuildFile; fileRef = D814AD2521F576D50063777E /* Alamofire.framework */; };
		D814AD2721F576D50063777E /* Alamofire.framework in Frameworks */ = {isa = PBXBuildFile; fileRef = D814AD2521F576D50063777E /* Alamofire.framework */; };
		D815261922111BD80056EC54 /* NavigationAction.swift in Sources */ = {isa = PBXBuildFile; fileRef = D815261822111BD80056EC54 /* NavigationAction.swift */; };
		D815261B22111C2A0056EC54 /* SelectedFilesViewController.swift in Sources */ = {isa = PBXBuildFile; fileRef = D815261A22111C2A0056EC54 /* SelectedFilesViewController.swift */; };
		D815261D22111C550056EC54 /* SelectedFilesPresenter.swift in Sources */ = {isa = PBXBuildFile; fileRef = D815261C22111C550056EC54 /* SelectedFilesPresenter.swift */; };
		D815261F22111C880056EC54 /* MainNavigationPresenter.swift in Sources */ = {isa = PBXBuildFile; fileRef = D815261E22111C880056EC54 /* MainNavigationPresenter.swift */; };
		D815262122111DFF0056EC54 /* SelectedFiles.storyboard in Resources */ = {isa = PBXBuildFile; fileRef = D815262022111DFF0056EC54 /* SelectedFiles.storyboard */; };
		D8152623221125580056EC54 /* SelectedFileTableViewCell.swift in Sources */ = {isa = PBXBuildFile; fileRef = D8152622221125580056EC54 /* SelectedFileTableViewCell.swift */; };
		D8152625221127130056EC54 /* SelectedFileTableViewCell.xib in Resources */ = {isa = PBXBuildFile; fileRef = D8152624221127130056EC54 /* SelectedFileTableViewCell.xib */; };
		D815262722112DDB0056EC54 /* UploadStore.swift in Sources */ = {isa = PBXBuildFile; fileRef = D815262622112DDB0056EC54 /* UploadStore.swift */; };
		D8152629221216880056EC54 /* Color+.swift in Sources */ = {isa = PBXBuildFile; fileRef = D8152628221216880056EC54 /* Color+.swift */; };
		D815262B2215281E0056EC54 /* CryptoSwift.framework in Frameworks */ = {isa = PBXBuildFile; fileRef = D815262A2215281E0056EC54 /* CryptoSwift.framework */; };
		D815262D2215284B0056EC54 /* Keychain.swift in Sources */ = {isa = PBXBuildFile; fileRef = D815262C2215284B0056EC54 /* Keychain.swift */; };
		D8E6BEAA220FA63100D3DD1E /* RxSwift.framework in Frameworks */ = {isa = PBXBuildFile; fileRef = D8E6BEA5220FA63100D3DD1E /* RxSwift.framework */; };
		D8E6BEAB220FA63100D3DD1E /* Differentiator.framework in Frameworks */ = {isa = PBXBuildFile; fileRef = D8E6BEA6220FA63100D3DD1E /* Differentiator.framework */; };
		D8E6BEAC220FA63100D3DD1E /* RxDataSources.framework in Frameworks */ = {isa = PBXBuildFile; fileRef = D8E6BEA7220FA63100D3DD1E /* RxDataSources.framework */; };
		D8E6BEAD220FA63100D3DD1E /* RxCocoa.framework in Frameworks */ = {isa = PBXBuildFile; fileRef = D8E6BEA8220FA63100D3DD1E /* RxCocoa.framework */; };
		D8E6BEAE220FA63100D3DD1E /* RxOptional.framework in Frameworks */ = {isa = PBXBuildFile; fileRef = D8E6BEA9220FA63100D3DD1E /* RxOptional.framework */; };
		D8E6BEB2220FA71E00D3DD1E /* MainNavigationController.swift in Sources */ = {isa = PBXBuildFile; fileRef = D8E6BEB1220FA71E00D3DD1E /* MainNavigationController.swift */; };
		D8E6BEB4220FA7B700D3DD1E /* AddFilesViewController.swift in Sources */ = {isa = PBXBuildFile; fileRef = D8E6BEB3220FA7B700D3DD1E /* AddFilesViewController.swift */; };
		D8E6BEB6220FA98F00D3DD1E /* Constant.swift in Sources */ = {isa = PBXBuildFile; fileRef = D8E6BEB5220FA98F00D3DD1E /* Constant.swift */; };
		D8E6BEB8220FAA9900D3DD1E /* AddFilesPresenter.swift in Sources */ = {isa = PBXBuildFile; fileRef = D8E6BEB7220FAA9900D3DD1E /* AddFilesPresenter.swift */; };
		D8E6BEBE220FCD9F00D3DD1E /* AddFiles.storyboard in Resources */ = {isa = PBXBuildFile; fileRef = D8E6BEBD220FCD9F00D3DD1E /* AddFiles.storyboard */; };
		D8E6BEC0220FD42E00D3DD1E /* Dispatcher.swift in Sources */ = {isa = PBXBuildFile; fileRef = D8E6BEBF220FD42E00D3DD1E /* Dispatcher.swift */; };
		D8E6BEC3220FD4E100D3DD1E /* FilesAction.swift in Sources */ = {isa = PBXBuildFile; fileRef = D8E6BEC2220FD4E100D3DD1E /* FilesAction.swift */; };
		D8E6BEC6220FD52100D3DD1E /* FilesStore.swift in Sources */ = {isa = PBXBuildFile; fileRef = D8E6BEC5220FD52100D3DD1E /* FilesStore.swift */; };
		D8E6BEC8220FD58600D3DD1E /* Observable+.swift in Sources */ = {isa = PBXBuildFile; fileRef = D8E6BEC7220FD58500D3DD1E /* Observable+.swift */; };
		D8E6BECB220FFB1100D3DD1E /* FileTableViewCell.swift in Sources */ = {isa = PBXBuildFile; fileRef = D8E6BECA220FFB1100D3DD1E /* FileTableViewCell.swift */; };
/* End PBXBuildFile section */

/* Begin PBXContainerItemProxy section */
		D814ACFE21F574640063777E /* PBXContainerItemProxy */ = {
			isa = PBXContainerItemProxy;
			containerPortal = D814ACE121F574630063777E /* Project object */;
			proxyType = 1;
			remoteGlobalIDString = D814ACE821F574630063777E;
			remoteInfo = Send;
		};
		D814AD1821F5749D0063777E /* PBXContainerItemProxy */ = {
			isa = PBXContainerItemProxy;
			containerPortal = D814ACE121F574630063777E /* Project object */;
			proxyType = 1;
			remoteGlobalIDString = D814AD0F21F5749D0063777E;
			remoteInfo = SendShareExtension;
		};
/* End PBXContainerItemProxy section */

/* Begin PBXCopyFilesBuildPhase section */
		D814AD1E21F5749D0063777E /* Embed App Extensions */ = {
			isa = PBXCopyFilesBuildPhase;
			buildActionMask = 2147483647;
			dstPath = "";
			dstSubfolderSpec = 13;
			files = (
				D814AD1A21F5749D0063777E /* SendShareExtension.appex in Embed App Extensions */,
			);
			name = "Embed App Extensions";
			runOnlyForDeploymentPostprocessing = 0;
		};
/* End PBXCopyFilesBuildPhase section */

/* Begin PBXFileReference section */
		D814ACE921F574630063777E /* Send.app */ = {isa = PBXFileReference; explicitFileType = wrapper.application; includeInIndex = 0; path = Send.app; sourceTree = BUILT_PRODUCTS_DIR; };
		D814ACEC21F574630063777E /* AppDelegate.swift */ = {isa = PBXFileReference; lastKnownFileType = sourcecode.swift; path = AppDelegate.swift; sourceTree = "<group>"; };
		D814ACF321F574640063777E /* Assets.xcassets */ = {isa = PBXFileReference; lastKnownFileType = folder.assetcatalog; path = Assets.xcassets; sourceTree = "<group>"; };
		D814ACF621F574640063777E /* Base */ = {isa = PBXFileReference; lastKnownFileType = file.storyboard; name = Base; path = Base.lproj/LaunchScreen.storyboard; sourceTree = "<group>"; };
		D814ACF821F574640063777E /* Info.plist */ = {isa = PBXFileReference; lastKnownFileType = text.plist.xml; path = Info.plist; sourceTree = "<group>"; };
		D814ACFD21F574640063777E /* SendTests.xctest */ = {isa = PBXFileReference; explicitFileType = wrapper.cfbundle; includeInIndex = 0; path = SendTests.xctest; sourceTree = BUILT_PRODUCTS_DIR; };
		D814AD0121F574640063777E /* SendTests.swift */ = {isa = PBXFileReference; lastKnownFileType = sourcecode.swift; path = SendTests.swift; sourceTree = "<group>"; };
		D814AD0321F574640063777E /* Info.plist */ = {isa = PBXFileReference; lastKnownFileType = text.plist.xml; path = Info.plist; sourceTree = "<group>"; };
		D814AD1021F5749D0063777E /* SendShareExtension.appex */ = {isa = PBXFileReference; explicitFileType = "wrapper.app-extension"; includeInIndex = 0; path = SendShareExtension.appex; sourceTree = BUILT_PRODUCTS_DIR; };
		D814AD1221F5749D0063777E /* ShareViewController.swift */ = {isa = PBXFileReference; lastKnownFileType = sourcecode.swift; path = ShareViewController.swift; sourceTree = "<group>"; };
		D814AD1521F5749D0063777E /* Base */ = {isa = PBXFileReference; lastKnownFileType = file.storyboard; name = Base; path = Base.lproj/MainInterface.storyboard; sourceTree = "<group>"; };
		D814AD1721F5749D0063777E /* Info.plist */ = {isa = PBXFileReference; lastKnownFileType = text.plist.xml; path = Info.plist; sourceTree = "<group>"; };
		D814AD2521F576D50063777E /* Alamofire.framework */ = {isa = PBXFileReference; lastKnownFileType = wrapper.framework; name = Alamofire.framework; path = Carthage/Build/iOS/Alamofire.framework; sourceTree = "<group>"; };
		D815261822111BD80056EC54 /* NavigationAction.swift */ = {isa = PBXFileReference; lastKnownFileType = sourcecode.swift; path = NavigationAction.swift; sourceTree = "<group>"; };
		D815261A22111C2A0056EC54 /* SelectedFilesViewController.swift */ = {isa = PBXFileReference; lastKnownFileType = sourcecode.swift; path = SelectedFilesViewController.swift; sourceTree = "<group>"; };
		D815261C22111C550056EC54 /* SelectedFilesPresenter.swift */ = {isa = PBXFileReference; lastKnownFileType = sourcecode.swift; path = SelectedFilesPresenter.swift; sourceTree = "<group>"; };
		D815261E22111C880056EC54 /* MainNavigationPresenter.swift */ = {isa = PBXFileReference; lastKnownFileType = sourcecode.swift; path = MainNavigationPresenter.swift; sourceTree = "<group>"; };
		D815262022111DFF0056EC54 /* SelectedFiles.storyboard */ = {isa = PBXFileReference; lastKnownFileType = file.storyboard; path = SelectedFiles.storyboard; sourceTree = "<group>"; };
		D8152622221125580056EC54 /* SelectedFileTableViewCell.swift */ = {isa = PBXFileReference; lastKnownFileType = sourcecode.swift; path = SelectedFileTableViewCell.swift; sourceTree = "<group>"; };
		D8152624221127130056EC54 /* SelectedFileTableViewCell.xib */ = {isa = PBXFileReference; lastKnownFileType = file.xib; path = SelectedFileTableViewCell.xib; sourceTree = "<group>"; };
		D815262622112DDB0056EC54 /* UploadStore.swift */ = {isa = PBXFileReference; lastKnownFileType = sourcecode.swift; path = UploadStore.swift; sourceTree = "<group>"; };
		D8152628221216880056EC54 /* Color+.swift */ = {isa = PBXFileReference; lastKnownFileType = sourcecode.swift; path = "Color+.swift"; sourceTree = "<group>"; };
		D815262A2215281E0056EC54 /* CryptoSwift.framework */ = {isa = PBXFileReference; lastKnownFileType = wrapper.framework; name = CryptoSwift.framework; path = Carthage/Build/iOS/CryptoSwift.framework; sourceTree = "<group>"; };
		D815262C2215284B0056EC54 /* Keychain.swift */ = {isa = PBXFileReference; lastKnownFileType = sourcecode.swift; path = Keychain.swift; sourceTree = "<group>"; };
		D8E6BEA5220FA63100D3DD1E /* RxSwift.framework */ = {isa = PBXFileReference; lastKnownFileType = wrapper.framework; name = RxSwift.framework; path = Carthage/Build/iOS/RxSwift.framework; sourceTree = "<group>"; };
		D8E6BEA6220FA63100D3DD1E /* Differentiator.framework */ = {isa = PBXFileReference; lastKnownFileType = wrapper.framework; name = Differentiator.framework; path = Carthage/Build/iOS/Differentiator.framework; sourceTree = "<group>"; };
		D8E6BEA7220FA63100D3DD1E /* RxDataSources.framework */ = {isa = PBXFileReference; lastKnownFileType = wrapper.framework; name = RxDataSources.framework; path = Carthage/Build/iOS/RxDataSources.framework; sourceTree = "<group>"; };
		D8E6BEA8220FA63100D3DD1E /* RxCocoa.framework */ = {isa = PBXFileReference; lastKnownFileType = wrapper.framework; name = RxCocoa.framework; path = Carthage/Build/iOS/RxCocoa.framework; sourceTree = "<group>"; };
		D8E6BEA9220FA63100D3DD1E /* RxOptional.framework */ = {isa = PBXFileReference; lastKnownFileType = wrapper.framework; name = RxOptional.framework; path = Carthage/Build/iOS/RxOptional.framework; sourceTree = "<group>"; };
		D8E6BEB1220FA71E00D3DD1E /* MainNavigationController.swift */ = {isa = PBXFileReference; lastKnownFileType = sourcecode.swift; path = MainNavigationController.swift; sourceTree = "<group>"; };
		D8E6BEB3220FA7B700D3DD1E /* AddFilesViewController.swift */ = {isa = PBXFileReference; lastKnownFileType = sourcecode.swift; path = AddFilesViewController.swift; sourceTree = "<group>"; };
		D8E6BEB5220FA98F00D3DD1E /* Constant.swift */ = {isa = PBXFileReference; lastKnownFileType = sourcecode.swift; path = Constant.swift; sourceTree = "<group>"; };
		D8E6BEB7220FAA9900D3DD1E /* AddFilesPresenter.swift */ = {isa = PBXFileReference; lastKnownFileType = sourcecode.swift; path = AddFilesPresenter.swift; sourceTree = "<group>"; };
		D8E6BEBD220FCD9F00D3DD1E /* AddFiles.storyboard */ = {isa = PBXFileReference; lastKnownFileType = file.storyboard; path = AddFiles.storyboard; sourceTree = "<group>"; };
		D8E6BEBF220FD42E00D3DD1E /* Dispatcher.swift */ = {isa = PBXFileReference; lastKnownFileType = sourcecode.swift; path = Dispatcher.swift; sourceTree = "<group>"; };
		D8E6BEC2220FD4E100D3DD1E /* FilesAction.swift */ = {isa = PBXFileReference; lastKnownFileType = sourcecode.swift; path = FilesAction.swift; sourceTree = "<group>"; };
		D8E6BEC5220FD52100D3DD1E /* FilesStore.swift */ = {isa = PBXFileReference; lastKnownFileType = sourcecode.swift; path = FilesStore.swift; sourceTree = "<group>"; };
		D8E6BEC7220FD58500D3DD1E /* Observable+.swift */ = {isa = PBXFileReference; lastKnownFileType = sourcecode.swift; path = "Observable+.swift"; sourceTree = "<group>"; };
		D8E6BEC9220FF2D100D3DD1E /* Send.entitlements */ = {isa = PBXFileReference; lastKnownFileType = text.plist.entitlements; path = Send.entitlements; sourceTree = "<group>"; };
		D8E6BECA220FFB1100D3DD1E /* FileTableViewCell.swift */ = {isa = PBXFileReference; lastKnownFileType = sourcecode.swift; path = FileTableViewCell.swift; sourceTree = "<group>"; };
/* End PBXFileReference section */

/* Begin PBXFrameworksBuildPhase section */
		D814ACE621F574630063777E /* Frameworks */ = {
			isa = PBXFrameworksBuildPhase;
			buildActionMask = 2147483647;
			files = (
				D815262B2215281E0056EC54 /* CryptoSwift.framework in Frameworks */,
				D8E6BEAA220FA63100D3DD1E /* RxSwift.framework in Frameworks */,
				D8E6BEAB220FA63100D3DD1E /* Differentiator.framework in Frameworks */,
				D8E6BEAC220FA63100D3DD1E /* RxDataSources.framework in Frameworks */,
				D8E6BEAD220FA63100D3DD1E /* RxCocoa.framework in Frameworks */,
				D8E6BEAE220FA63100D3DD1E /* RxOptional.framework in Frameworks */,
				D814AD2621F576D50063777E /* Alamofire.framework in Frameworks */,
			);
			runOnlyForDeploymentPostprocessing = 0;
		};
		D814ACFA21F574640063777E /* Frameworks */ = {
			isa = PBXFrameworksBuildPhase;
			buildActionMask = 2147483647;
			files = (
			);
			runOnlyForDeploymentPostprocessing = 0;
		};
		D814AD0D21F5749D0063777E /* Frameworks */ = {
			isa = PBXFrameworksBuildPhase;
			buildActionMask = 2147483647;
			files = (
				D814AD2721F576D50063777E /* Alamofire.framework in Frameworks */,
			);
			runOnlyForDeploymentPostprocessing = 0;
		};
/* End PBXFrameworksBuildPhase section */

/* Begin PBXGroup section */
		D814ACE021F574630063777E = {
			isa = PBXGroup;
			children = (
				D814AD1F21F575CB0063777E /* Frameworks */,
				D814ACEB21F574630063777E /* Send */,
				D814AD0021F574640063777E /* SendTests */,
				D814AD1121F5749D0063777E /* SendShareExtension */,
				D814ACEA21F574630063777E /* Products */,
			);
			sourceTree = "<group>";
		};
		D814ACEA21F574630063777E /* Products */ = {
			isa = PBXGroup;
			children = (
				D814ACE921F574630063777E /* Send.app */,
				D814ACFD21F574640063777E /* SendTests.xctest */,
				D814AD1021F5749D0063777E /* SendShareExtension.appex */,
			);
			name = Products;
			sourceTree = "<group>";
		};
		D814ACEB21F574630063777E /* Send */ = {
			isa = PBXGroup;
			children = (
				D8E6BEC9220FF2D100D3DD1E /* Send.entitlements */,
				D8E6BEC4220FD51800D3DD1E /* Store */,
				D8E6BEC1220FD4B000D3DD1E /* Action */,
				D8E6BEBC220FCD9000D3DD1E /* Storyboard */,
				D8E6BEB9220FC85A00D3DD1E /* Common */,
				D8E6BEB0220FA70C00D3DD1E /* Presenters */,
				D8E6BEAF220FA70000D3DD1E /* Views */,
				D814ACEC21F574630063777E /* AppDelegate.swift */,
				D814ACF321F574640063777E /* Assets.xcassets */,
				D814ACF521F574640063777E /* LaunchScreen.storyboard */,
				D814ACF821F574640063777E /* Info.plist */,
			);
			path = Send;
			sourceTree = "<group>";
		};
		D814AD0021F574640063777E /* SendTests */ = {
			isa = PBXGroup;
			children = (
				D814AD0121F574640063777E /* SendTests.swift */,
				D814AD0321F574640063777E /* Info.plist */,
			);
			path = SendTests;
			sourceTree = "<group>";
		};
		D814AD1121F5749D0063777E /* SendShareExtension */ = {
			isa = PBXGroup;
			children = (
				D814AD1221F5749D0063777E /* ShareViewController.swift */,
				D814AD1421F5749D0063777E /* MainInterface.storyboard */,
				D814AD1721F5749D0063777E /* Info.plist */,
			);
			path = SendShareExtension;
			sourceTree = "<group>";
		};
		D814AD1F21F575CB0063777E /* Frameworks */ = {
			isa = PBXGroup;
			children = (
				D815262A2215281E0056EC54 /* CryptoSwift.framework */,
				D8E6BEA6220FA63100D3DD1E /* Differentiator.framework */,
				D8E6BEA8220FA63100D3DD1E /* RxCocoa.framework */,
				D8E6BEA7220FA63100D3DD1E /* RxDataSources.framework */,
				D8E6BEA9220FA63100D3DD1E /* RxOptional.framework */,
				D8E6BEA5220FA63100D3DD1E /* RxSwift.framework */,
				D814AD2521F576D50063777E /* Alamofire.framework */,
			);
			name = Frameworks;
			sourceTree = "<group>";
		};
		D8E6BEAF220FA70000D3DD1E /* Views */ = {
			isa = PBXGroup;
			children = (
				D8E6BEB1220FA71E00D3DD1E /* MainNavigationController.swift */,
				D8E6BEB3220FA7B700D3DD1E /* AddFilesViewController.swift */,
				D8E6BECA220FFB1100D3DD1E /* FileTableViewCell.swift */,
				D815261A22111C2A0056EC54 /* SelectedFilesViewController.swift */,
				D8152622221125580056EC54 /* SelectedFileTableViewCell.swift */,
			);
			path = Views;
			sourceTree = "<group>";
		};
		D8E6BEB0220FA70C00D3DD1E /* Presenters */ = {
			isa = PBXGroup;
			children = (
				D8E6BEB7220FAA9900D3DD1E /* AddFilesPresenter.swift */,
				D815261C22111C550056EC54 /* SelectedFilesPresenter.swift */,
				D815261E22111C880056EC54 /* MainNavigationPresenter.swift */,
			);
			path = Presenters;
			sourceTree = "<group>";
		};
		D8E6BEB9220FC85A00D3DD1E /* Common */ = {
			isa = PBXGroup;
			children = (
				D8E6BEB5220FA98F00D3DD1E /* Constant.swift */,
				D8E6BEBF220FD42E00D3DD1E /* Dispatcher.swift */,
				D8E6BEC7220FD58500D3DD1E /* Observable+.swift */,
				D8152628221216880056EC54 /* Color+.swift */,
				D815262C2215284B0056EC54 /* Keychain.swift */,
			);
			path = Common;
			sourceTree = "<group>";
		};
		D8E6BEBC220FCD9000D3DD1E /* Storyboard */ = {
			isa = PBXGroup;
			children = (
				D8E6BEBD220FCD9F00D3DD1E /* AddFiles.storyboard */,
				D815262022111DFF0056EC54 /* SelectedFiles.storyboard */,
				D8152624221127130056EC54 /* SelectedFileTableViewCell.xib */,
			);
			path = Storyboard;
			sourceTree = "<group>";
		};
		D8E6BEC1220FD4B000D3DD1E /* Action */ = {
			isa = PBXGroup;
			children = (
				D8E6BEC2220FD4E100D3DD1E /* FilesAction.swift */,
				D815261822111BD80056EC54 /* NavigationAction.swift */,
			);
			path = Action;
			sourceTree = "<group>";
		};
		D8E6BEC4220FD51800D3DD1E /* Store */ = {
			isa = PBXGroup;
			children = (
				D8E6BEC5220FD52100D3DD1E /* FilesStore.swift */,
				D815262622112DDB0056EC54 /* UploadStore.swift */,
			);
			path = Store;
			sourceTree = "<group>";
		};
/* End PBXGroup section */

/* Begin PBXNativeTarget section */
		D814ACE821F574630063777E /* Send */ = {
			isa = PBXNativeTarget;
			buildConfigurationList = D814AD0621F574640063777E /* Build configuration list for PBXNativeTarget "Send" */;
			buildPhases = (
				D814AD2421F576120063777E /* ShellScript */,
				D814ACE521F574630063777E /* Sources */,
				D814ACE621F574630063777E /* Frameworks */,
				D814ACE721F574630063777E /* Resources */,
				D814AD1E21F5749D0063777E /* Embed App Extensions */,
			);
			buildRules = (
			);
			dependencies = (
				D814AD1921F5749D0063777E /* PBXTargetDependency */,
			);
			name = Send;
			productName = Send;
			productReference = D814ACE921F574630063777E /* Send.app */;
			productType = "com.apple.product-type.application";
		};
		D814ACFC21F574640063777E /* SendTests */ = {
			isa = PBXNativeTarget;
			buildConfigurationList = D814AD0921F574640063777E /* Build configuration list for PBXNativeTarget "SendTests" */;
			buildPhases = (
				D814ACF921F574640063777E /* Sources */,
				D814ACFA21F574640063777E /* Frameworks */,
				D814ACFB21F574640063777E /* Resources */,
			);
			buildRules = (
			);
			dependencies = (
				D814ACFF21F574640063777E /* PBXTargetDependency */,
			);
			name = SendTests;
			productName = SendTests;
			productReference = D814ACFD21F574640063777E /* SendTests.xctest */;
			productType = "com.apple.product-type.bundle.unit-test";
		};
		D814AD0F21F5749D0063777E /* SendShareExtension */ = {
			isa = PBXNativeTarget;
			buildConfigurationList = D814AD1B21F5749D0063777E /* Build configuration list for PBXNativeTarget "SendShareExtension" */;
			buildPhases = (
				D814AD2321F575EF0063777E /* ShellScript */,
				D814AD0C21F5749D0063777E /* Sources */,
				D814AD0D21F5749D0063777E /* Frameworks */,
				D814AD0E21F5749D0063777E /* Resources */,
			);
			buildRules = (
			);
			dependencies = (
			);
			name = SendShareExtension;
			productName = SendShareExtension;
			productReference = D814AD1021F5749D0063777E /* SendShareExtension.appex */;
			productType = "com.apple.product-type.app-extension";
		};
/* End PBXNativeTarget section */

/* Begin PBXProject section */
		D814ACE121F574630063777E /* Project object */ = {
			isa = PBXProject;
			attributes = {
				LastSwiftUpdateCheck = 1010;
				LastUpgradeCheck = 1010;
				ORGANIZATIONNAME = "Joseph Gasiorek";
				TargetAttributes = {
					D814ACE821F574630063777E = {
						CreatedOnToolsVersion = 10.1;
						SystemCapabilities = {
							com.apple.iCloud = {
								enabled = 0;
							};
						};
					};
					D814ACFC21F574640063777E = {
						CreatedOnToolsVersion = 10.1;
						TestTargetID = D814ACE821F574630063777E;
					};
					D814AD0F21F5749D0063777E = {
						CreatedOnToolsVersion = 10.1;
					};
				};
			};
			buildConfigurationList = D814ACE421F574630063777E /* Build configuration list for PBXProject "Send" */;
			compatibilityVersion = "Xcode 9.3";
			developmentRegion = en;
			hasScannedForEncodings = 0;
			knownRegions = (
				en,
				Base,
			);
			mainGroup = D814ACE021F574630063777E;
			productRefGroup = D814ACEA21F574630063777E /* Products */;
			projectDirPath = "";
			projectRoot = "";
			targets = (
				D814ACE821F574630063777E /* Send */,
				D814ACFC21F574640063777E /* SendTests */,
				D814AD0F21F5749D0063777E /* SendShareExtension */,
			);
		};
/* End PBXProject section */

/* Begin PBXResourcesBuildPhase section */
		D814ACE721F574630063777E /* Resources */ = {
			isa = PBXResourcesBuildPhase;
			buildActionMask = 2147483647;
			files = (
				D814ACF721F574640063777E /* LaunchScreen.storyboard in Resources */,
				D8152625221127130056EC54 /* SelectedFileTableViewCell.xib in Resources */,
				D814ACF421F574640063777E /* Assets.xcassets in Resources */,
				D8E6BEBE220FCD9F00D3DD1E /* AddFiles.storyboard in Resources */,
				D815262122111DFF0056EC54 /* SelectedFiles.storyboard in Resources */,
			);
			runOnlyForDeploymentPostprocessing = 0;
		};
		D814ACFB21F574640063777E /* Resources */ = {
			isa = PBXResourcesBuildPhase;
			buildActionMask = 2147483647;
			files = (
			);
			runOnlyForDeploymentPostprocessing = 0;
		};
		D814AD0E21F5749D0063777E /* Resources */ = {
			isa = PBXResourcesBuildPhase;
			buildActionMask = 2147483647;
			files = (
				D814AD1621F5749D0063777E /* MainInterface.storyboard in Resources */,
			);
			runOnlyForDeploymentPostprocessing = 0;
		};
/* End PBXResourcesBuildPhase section */

/* Begin PBXShellScriptBuildPhase section */
		D814AD2321F575EF0063777E /* ShellScript */ = {
			isa = PBXShellScriptBuildPhase;
			buildActionMask = 2147483647;
			files = (
			);
			inputFileListPaths = (
			);
			inputPaths = (
				"$(SRCROOT)/Carthage/Build/iOS/Alamofire.framework",
			);
			outputFileListPaths = (
			);
			outputPaths = (
			);
			runOnlyForDeploymentPostprocessing = 0;
			shellPath = /bin/sh;
			shellScript = "/usr/local/bin/carthage copy-frameworks\n";
		};
		D814AD2421F576120063777E /* ShellScript */ = {
			isa = PBXShellScriptBuildPhase;
			buildActionMask = 2147483647;
			files = (
			);
			inputFileListPaths = (
			);
			inputPaths = (
				"$(SRCROOT)/Carthage/Build/iOS/Alamofire.framework",
				"$(SRCROOT)/Carthage/Build/iOS/Differentiator.framework",
				"$(SRCROOT)/Carthage/Build/iOS/RxCocoa.framework",
				"$(SRCROOT)/Carthage/Build/iOS/RxDataSources.framework",
				"$(SRCROOT)/Carthage/Build/iOS/RxOptional.framework",
				"$(SRCROOT)/Carthage/Build/iOS/RxSwift.framework",
				"$(SRCROOT)/Carthage/Build/iOS/CryptoSwift.framework",
			);
			outputFileListPaths = (
			);
			outputPaths = (
			);
			runOnlyForDeploymentPostprocessing = 0;
			shellPath = /bin/sh;
			shellScript = "/usr/local/bin/carthage copy-frameworks\n";
		};
/* End PBXShellScriptBuildPhase section */

/* Begin PBXSourcesBuildPhase section */
		D814ACE521F574630063777E /* Sources */ = {
			isa = PBXSourcesBuildPhase;
			buildActionMask = 2147483647;
			files = (
				D8E6BEB2220FA71E00D3DD1E /* MainNavigationController.swift in Sources */,
				D8E6BEB8220FAA9900D3DD1E /* AddFilesPresenter.swift in Sources */,
				D8E6BEC0220FD42E00D3DD1E /* Dispatcher.swift in Sources */,
				D8152629221216880056EC54 /* Color+.swift in Sources */,
				D8152623221125580056EC54 /* SelectedFileTableViewCell.swift in Sources */,
				D815262D2215284B0056EC54 /* Keychain.swift in Sources */,
				D8E6BEC6220FD52100D3DD1E /* FilesStore.swift in Sources */,
				D8E6BEB6220FA98F00D3DD1E /* Constant.swift in Sources */,
				D8E6BEC3220FD4E100D3DD1E /* FilesAction.swift in Sources */,
				D8E6BEB4220FA7B700D3DD1E /* AddFilesViewController.swift in Sources */,
				D815261922111BD80056EC54 /* NavigationAction.swift in Sources */,
				D815261D22111C550056EC54 /* SelectedFilesPresenter.swift in Sources */,
				D815261F22111C880056EC54 /* MainNavigationPresenter.swift in Sources */,
				D814ACED21F574630063777E /* AppDelegate.swift in Sources */,
				D815261B22111C2A0056EC54 /* SelectedFilesViewController.swift in Sources */,
				D8E6BECB220FFB1100D3DD1E /* FileTableViewCell.swift in Sources */,
				D815262722112DDB0056EC54 /* UploadStore.swift in Sources */,
				D8E6BEC8220FD58600D3DD1E /* Observable+.swift in Sources */,
			);
			runOnlyForDeploymentPostprocessing = 0;
		};
		D814ACF921F574640063777E /* Sources */ = {
			isa = PBXSourcesBuildPhase;
			buildActionMask = 2147483647;
			files = (
				D814AD0221F574640063777E /* SendTests.swift in Sources */,
			);
			runOnlyForDeploymentPostprocessing = 0;
		};
		D814AD0C21F5749D0063777E /* Sources */ = {
			isa = PBXSourcesBuildPhase;
			buildActionMask = 2147483647;
			files = (
				D814AD1321F5749D0063777E /* ShareViewController.swift in Sources */,
			);
			runOnlyForDeploymentPostprocessing = 0;
		};
/* End PBXSourcesBuildPhase section */

/* Begin PBXTargetDependency section */
		D814ACFF21F574640063777E /* PBXTargetDependency */ = {
			isa = PBXTargetDependency;
			target = D814ACE821F574630063777E /* Send */;
			targetProxy = D814ACFE21F574640063777E /* PBXContainerItemProxy */;
		};
		D814AD1921F5749D0063777E /* PBXTargetDependency */ = {
			isa = PBXTargetDependency;
			target = D814AD0F21F5749D0063777E /* SendShareExtension */;
			targetProxy = D814AD1821F5749D0063777E /* PBXContainerItemProxy */;
		};
/* End PBXTargetDependency section */

/* Begin PBXVariantGroup section */
		D814ACF521F574640063777E /* LaunchScreen.storyboard */ = {
			isa = PBXVariantGroup;
			children = (
				D814ACF621F574640063777E /* Base */,
			);
			name = LaunchScreen.storyboard;
			sourceTree = "<group>";
		};
		D814AD1421F5749D0063777E /* MainInterface.storyboard */ = {
			isa = PBXVariantGroup;
			children = (
				D814AD1521F5749D0063777E /* Base */,
			);
			name = MainInterface.storyboard;
			sourceTree = "<group>";
		};
/* End PBXVariantGroup section */

/* Begin XCBuildConfiguration section */
		D814AD0421F574640063777E /* Debug */ = {
			isa = XCBuildConfiguration;
			buildSettings = {
				ALWAYS_SEARCH_USER_PATHS = NO;
				CLANG_ANALYZER_NONNULL = YES;
				CLANG_ANALYZER_NUMBER_OBJECT_CONVERSION = YES_AGGRESSIVE;
				CLANG_CXX_LANGUAGE_STANDARD = "gnu++14";
				CLANG_CXX_LIBRARY = "libc++";
				CLANG_ENABLE_MODULES = YES;
				CLANG_ENABLE_OBJC_ARC = YES;
				CLANG_ENABLE_OBJC_WEAK = YES;
				CLANG_WARN_BLOCK_CAPTURE_AUTORELEASING = YES;
				CLANG_WARN_BOOL_CONVERSION = YES;
				CLANG_WARN_COMMA = YES;
				CLANG_WARN_CONSTANT_CONVERSION = YES;
				CLANG_WARN_DEPRECATED_OBJC_IMPLEMENTATIONS = YES;
				CLANG_WARN_DIRECT_OBJC_ISA_USAGE = YES_ERROR;
				CLANG_WARN_DOCUMENTATION_COMMENTS = YES;
				CLANG_WARN_EMPTY_BODY = YES;
				CLANG_WARN_ENUM_CONVERSION = YES;
				CLANG_WARN_INFINITE_RECURSION = YES;
				CLANG_WARN_INT_CONVERSION = YES;
				CLANG_WARN_NON_LITERAL_NULL_CONVERSION = YES;
				CLANG_WARN_OBJC_IMPLICIT_RETAIN_SELF = YES;
				CLANG_WARN_OBJC_LITERAL_CONVERSION = YES;
				CLANG_WARN_OBJC_ROOT_CLASS = YES_ERROR;
				CLANG_WARN_RANGE_LOOP_ANALYSIS = YES;
				CLANG_WARN_STRICT_PROTOTYPES = YES;
				CLANG_WARN_SUSPICIOUS_MOVE = YES;
				CLANG_WARN_UNGUARDED_AVAILABILITY = YES_AGGRESSIVE;
				CLANG_WARN_UNREACHABLE_CODE = YES;
				CLANG_WARN__DUPLICATE_METHOD_MATCH = YES;
				CODE_SIGN_IDENTITY = "iPhone Developer";
				COPY_PHASE_STRIP = NO;
				DEBUG_INFORMATION_FORMAT = dwarf;
				ENABLE_STRICT_OBJC_MSGSEND = YES;
				ENABLE_TESTABILITY = YES;
				GCC_C_LANGUAGE_STANDARD = gnu11;
				GCC_DYNAMIC_NO_PIC = NO;
				GCC_NO_COMMON_BLOCKS = YES;
				GCC_OPTIMIZATION_LEVEL = 0;
				GCC_PREPROCESSOR_DEFINITIONS = (
					"DEBUG=1",
					"$(inherited)",
				);
				GCC_WARN_64_TO_32_BIT_CONVERSION = YES;
				GCC_WARN_ABOUT_RETURN_TYPE = YES_ERROR;
				GCC_WARN_UNDECLARED_SELECTOR = YES;
				GCC_WARN_UNINITIALIZED_AUTOS = YES_AGGRESSIVE;
				GCC_WARN_UNUSED_FUNCTION = YES;
				GCC_WARN_UNUSED_VARIABLE = YES;
				IPHONEOS_DEPLOYMENT_TARGET = 12.1;
				MTL_ENABLE_DEBUG_INFO = INCLUDE_SOURCE;
				MTL_FAST_MATH = YES;
				ONLY_ACTIVE_ARCH = YES;
				SDKROOT = iphoneos;
				SWIFT_ACTIVE_COMPILATION_CONDITIONS = DEBUG;
				SWIFT_OPTIMIZATION_LEVEL = "-Onone";
			};
			name = Debug;
		};
		D814AD0521F574640063777E /* Release */ = {
			isa = XCBuildConfiguration;
			buildSettings = {
				ALWAYS_SEARCH_USER_PATHS = NO;
				CLANG_ANALYZER_NONNULL = YES;
				CLANG_ANALYZER_NUMBER_OBJECT_CONVERSION = YES_AGGRESSIVE;
				CLANG_CXX_LANGUAGE_STANDARD = "gnu++14";
				CLANG_CXX_LIBRARY = "libc++";
				CLANG_ENABLE_MODULES = YES;
				CLANG_ENABLE_OBJC_ARC = YES;
				CLANG_ENABLE_OBJC_WEAK = YES;
				CLANG_WARN_BLOCK_CAPTURE_AUTORELEASING = YES;
				CLANG_WARN_BOOL_CONVERSION = YES;
				CLANG_WARN_COMMA = YES;
				CLANG_WARN_CONSTANT_CONVERSION = YES;
				CLANG_WARN_DEPRECATED_OBJC_IMPLEMENTATIONS = YES;
				CLANG_WARN_DIRECT_OBJC_ISA_USAGE = YES_ERROR;
				CLANG_WARN_DOCUMENTATION_COMMENTS = YES;
				CLANG_WARN_EMPTY_BODY = YES;
				CLANG_WARN_ENUM_CONVERSION = YES;
				CLANG_WARN_INFINITE_RECURSION = YES;
				CLANG_WARN_INT_CONVERSION = YES;
				CLANG_WARN_NON_LITERAL_NULL_CONVERSION = YES;
				CLANG_WARN_OBJC_IMPLICIT_RETAIN_SELF = YES;
				CLANG_WARN_OBJC_LITERAL_CONVERSION = YES;
				CLANG_WARN_OBJC_ROOT_CLASS = YES_ERROR;
				CLANG_WARN_RANGE_LOOP_ANALYSIS = YES;
				CLANG_WARN_STRICT_PROTOTYPES = YES;
				CLANG_WARN_SUSPICIOUS_MOVE = YES;
				CLANG_WARN_UNGUARDED_AVAILABILITY = YES_AGGRESSIVE;
				CLANG_WARN_UNREACHABLE_CODE = YES;
				CLANG_WARN__DUPLICATE_METHOD_MATCH = YES;
				CODE_SIGN_IDENTITY = "iPhone Developer";
				COPY_PHASE_STRIP = NO;
				DEBUG_INFORMATION_FORMAT = "dwarf-with-dsym";
				ENABLE_NS_ASSERTIONS = NO;
				ENABLE_STRICT_OBJC_MSGSEND = YES;
				GCC_C_LANGUAGE_STANDARD = gnu11;
				GCC_NO_COMMON_BLOCKS = YES;
				GCC_WARN_64_TO_32_BIT_CONVERSION = YES;
				GCC_WARN_ABOUT_RETURN_TYPE = YES_ERROR;
				GCC_WARN_UNDECLARED_SELECTOR = YES;
				GCC_WARN_UNINITIALIZED_AUTOS = YES_AGGRESSIVE;
				GCC_WARN_UNUSED_FUNCTION = YES;
				GCC_WARN_UNUSED_VARIABLE = YES;
				IPHONEOS_DEPLOYMENT_TARGET = 12.1;
				MTL_ENABLE_DEBUG_INFO = NO;
				MTL_FAST_MATH = YES;
				SDKROOT = iphoneos;
				SWIFT_COMPILATION_MODE = wholemodule;
				SWIFT_OPTIMIZATION_LEVEL = "-O";
				VALIDATE_PRODUCT = YES;
			};
			name = Release;
		};
		D814AD0721F574640063777E /* Debug */ = {
			isa = XCBuildConfiguration;
			buildSettings = {
				ALWAYS_EMBED_SWIFT_STANDARD_LIBRARIES = YES;
				ASSETCATALOG_COMPILER_APPICON_NAME = AppIcon;
				CODE_SIGN_IDENTITY = "iPhone Developer";
				CODE_SIGN_STYLE = Automatic;
				DEVELOPMENT_TEAM = 43AQ936H96;
				FRAMEWORK_SEARCH_PATHS = (
					"$(inherited)",
					"$(PROJECT_DIR)/Carthage/Build/iOS",
				);
				INFOPLIST_FILE = Send/Info.plist;
				LD_RUNPATH_SEARCH_PATHS = (
					"$(inherited)",
					"@executable_path/Frameworks",
				);
				PRODUCT_BUNDLE_IDENTIFIER = com.mozilla.Send;
				PRODUCT_NAME = "$(TARGET_NAME)";
				PROVISIONING_PROFILE_SPECIFIER = "";
				SWIFT_VERSION = 4.2;
				TARGETED_DEVICE_FAMILY = "1,2";
			};
			name = Debug;
		};
		D814AD0821F574640063777E /* Release */ = {
			isa = XCBuildConfiguration;
			buildSettings = {
				ALWAYS_EMBED_SWIFT_STANDARD_LIBRARIES = YES;
				ASSETCATALOG_COMPILER_APPICON_NAME = AppIcon;
				CODE_SIGN_IDENTITY = "iPhone Developer";
				CODE_SIGN_STYLE = Automatic;
				DEVELOPMENT_TEAM = 43AQ936H96;
				FRAMEWORK_SEARCH_PATHS = (
					"$(inherited)",
					"$(PROJECT_DIR)/Carthage/Build/iOS",
				);
				INFOPLIST_FILE = Send/Info.plist;
				LD_RUNPATH_SEARCH_PATHS = (
					"$(inherited)",
					"@executable_path/Frameworks",
				);
				PRODUCT_BUNDLE_IDENTIFIER = com.mozilla.Send;
				PRODUCT_NAME = "$(TARGET_NAME)";
				PROVISIONING_PROFILE_SPECIFIER = "";
				SWIFT_VERSION = 4.2;
				TARGETED_DEVICE_FAMILY = "1,2";
			};
			name = Release;
		};
		D814AD0A21F574640063777E /* Debug */ = {
			isa = XCBuildConfiguration;
			buildSettings = {
				ALWAYS_EMBED_SWIFT_STANDARD_LIBRARIES = YES;
				BUNDLE_LOADER = "$(TEST_HOST)";
				CODE_SIGN_STYLE = Automatic;
				DEVELOPMENT_TEAM = 43AQ936H96;
				INFOPLIST_FILE = SendTests/Info.plist;
				LD_RUNPATH_SEARCH_PATHS = (
					"$(inherited)",
					"@executable_path/Frameworks",
					"@loader_path/Frameworks",
				);
				PRODUCT_BUNDLE_IDENTIFIER = com.mozilla.SendTests;
				PRODUCT_NAME = "$(TARGET_NAME)";
				SWIFT_VERSION = 4.2;
				TARGETED_DEVICE_FAMILY = "1,2";
				TEST_HOST = "$(BUILT_PRODUCTS_DIR)/Send.app/Send";
			};
			name = Debug;
		};
		D814AD0B21F574640063777E /* Release */ = {
			isa = XCBuildConfiguration;
			buildSettings = {
				ALWAYS_EMBED_SWIFT_STANDARD_LIBRARIES = YES;
				BUNDLE_LOADER = "$(TEST_HOST)";
				CODE_SIGN_STYLE = Automatic;
				DEVELOPMENT_TEAM = 43AQ936H96;
				INFOPLIST_FILE = SendTests/Info.plist;
				LD_RUNPATH_SEARCH_PATHS = (
					"$(inherited)",
					"@executable_path/Frameworks",
					"@loader_path/Frameworks",
				);
				PRODUCT_BUNDLE_IDENTIFIER = com.mozilla.SendTests;
				PRODUCT_NAME = "$(TARGET_NAME)";
				SWIFT_VERSION = 4.2;
				TARGETED_DEVICE_FAMILY = "1,2";
				TEST_HOST = "$(BUILT_PRODUCTS_DIR)/Send.app/Send";
			};
			name = Release;
		};
		D814AD1C21F5749D0063777E /* Debug */ = {
			isa = XCBuildConfiguration;
			buildSettings = {
				CODE_SIGN_STYLE = Automatic;
				DEVELOPMENT_TEAM = 43AQ936H96;
				FRAMEWORK_SEARCH_PATHS = (
					"$(inherited)",
					"$(PROJECT_DIR)/Carthage/Build/iOS",
				);
				INFOPLIST_FILE = SendShareExtension/Info.plist;
				LD_RUNPATH_SEARCH_PATHS = (
					"$(inherited)",
					"@executable_path/Frameworks",
					"@executable_path/../../Frameworks",
				);
				PRODUCT_BUNDLE_IDENTIFIER = com.mozilla.Send.SendShareExtension;
				PRODUCT_NAME = "$(TARGET_NAME)";
				SKIP_INSTALL = YES;
				SWIFT_VERSION = 4.2;
				TARGETED_DEVICE_FAMILY = "1,2";
			};
			name = Debug;
		};
		D814AD1D21F5749D0063777E /* Release */ = {
			isa = XCBuildConfiguration;
			buildSettings = {
				CODE_SIGN_STYLE = Automatic;
				DEVELOPMENT_TEAM = 43AQ936H96;
				FRAMEWORK_SEARCH_PATHS = (
					"$(inherited)",
					"$(PROJECT_DIR)/Carthage/Build/iOS",
				);
				INFOPLIST_FILE = SendShareExtension/Info.plist;
				LD_RUNPATH_SEARCH_PATHS = (
					"$(inherited)",
					"@executable_path/Frameworks",
					"@executable_path/../../Frameworks",
				);
				PRODUCT_BUNDLE_IDENTIFIER = com.mozilla.Send.SendShareExtension;
				PRODUCT_NAME = "$(TARGET_NAME)";
				SKIP_INSTALL = YES;
				SWIFT_VERSION = 4.2;
				TARGETED_DEVICE_FAMILY = "1,2";
			};
			name = Release;
		};
/* End XCBuildConfiguration section */

/* Begin XCConfigurationList section */
		D814ACE421F574630063777E /* Build configuration list for PBXProject "Send" */ = {
			isa = XCConfigurationList;
			buildConfigurations = (
				D814AD0421F574640063777E /* Debug */,
				D814AD0521F574640063777E /* Release */,
			);
			defaultConfigurationIsVisible = 0;
			defaultConfigurationName = Release;
		};
		D814AD0621F574640063777E /* Build configuration list for PBXNativeTarget "Send" */ = {
			isa = XCConfigurationList;
			buildConfigurations = (
				D814AD0721F574640063777E /* Debug */,
				D814AD0821F574640063777E /* Release */,
			);
			defaultConfigurationIsVisible = 0;
			defaultConfigurationName = Release;
		};
		D814AD0921F574640063777E /* Build configuration list for PBXNativeTarget "SendTests" */ = {
			isa = XCConfigurationList;
			buildConfigurations = (
				D814AD0A21F574640063777E /* Debug */,
				D814AD0B21F574640063777E /* Release */,
			);
			defaultConfigurationIsVisible = 0;
			defaultConfigurationName = Release;
		};
		D814AD1B21F5749D0063777E /* Build configuration list for PBXNativeTarget "SendShareExtension" */ = {
			isa = XCConfigurationList;
			buildConfigurations = (
				D814AD1C21F5749D0063777E /* Debug */,
				D814AD1D21F5749D0063777E /* Release */,
			);
			defaultConfigurationIsVisible = 0;
			defaultConfigurationName = Release;
		};
/* End XCConfigurationList section */
	};
	rootObject = D814ACE121F574630063777E /* Project object */;
}
