// !$*UTF8*$!
{
	archiveVersion = 1;
	classes = {
	};
	objectVersion = 50;
	objects = {

/* Begin PBXBuildFile section */
		D814ACED21F574630063777E /* AppDelegate.swift in Sources */ = {isa = PBXBuildFile; fileRef = D814ACEC21F574630063777E /* AppDelegate.swift */; };
		D814ACEF21F574630063777E /* ViewController.swift in Sources */ = {isa = PBXBuildFile; fileRef = D814ACEE21F574630063777E /* ViewController.swift */; };
		D814ACF221F574630063777E /* Main.storyboard in Resources */ = {isa = PBXBuildFile; fileRef = D814ACF021F574630063777E /* Main.storyboard */; };
		D814ACF421F574640063777E /* Assets.xcassets in Resources */ = {isa = PBXBuildFile; fileRef = D814ACF321F574640063777E /* Assets.xcassets */; };
		D814ACF721F574640063777E /* LaunchScreen.storyboard in Resources */ = {isa = PBXBuildFile; fileRef = D814ACF521F574640063777E /* LaunchScreen.storyboard */; };
		D814AD0221F574640063777E /* SendTests.swift in Sources */ = {isa = PBXBuildFile; fileRef = D814AD0121F574640063777E /* SendTests.swift */; };
/* End PBXBuildFile section */

/* Begin PBXContainerItemProxy section */
		D814ACFE21F574640063777E /* PBXContainerItemProxy */ = {
			isa = PBXContainerItemProxy;
			containerPortal = D814ACE121F574630063777E /* Project object */;
			proxyType = 1;
			remoteGlobalIDString = D814ACE821F574630063777E;
			remoteInfo = Send;
		};
/* End PBXContainerItemProxy section */

/* Begin PBXFileReference section */
		D814ACE921F574630063777E /* Send.app */ = {isa = PBXFileReference; explicitFileType = wrapper.application; includeInIndex = 0; path = Send.app; sourceTree = BUILT_PRODUCTS_DIR; };
		D814ACEC21F574630063777E /* AppDelegate.swift */ = {isa = PBXFileReference; lastKnownFileType = sourcecode.swift; path = AppDelegate.swift; sourceTree = "<group>"; };
		D814ACEE21F574630063777E /* ViewController.swift */ = {isa = PBXFileReference; lastKnownFileType = sourcecode.swift; path = ViewController.swift; sourceTree = "<group>"; };
		D814ACF121F574630063777E /* Base */ = {isa = PBXFileReference; lastKnownFileType = file.storyboard; name = Base; path = Base.lproj/Main.storyboard; sourceTree = "<group>"; };
		D814ACF321F574640063777E /* Assets.xcassets */ = {isa = PBXFileReference; lastKnownFileType = folder.assetcatalog; path = Assets.xcassets; sourceTree = "<group>"; };
		D814ACF621F574640063777E /* Base */ = {isa = PBXFileReference; lastKnownFileType = file.storyboard; name = Base; path = Base.lproj/LaunchScreen.storyboard; sourceTree = "<group>"; };
		D814ACF821F574640063777E /* Info.plist */ = {isa = PBXFileReference; lastKnownFileType = text.plist.xml; path = Info.plist; sourceTree = "<group>"; };
		D814ACFD21F574640063777E /* SendTests.xctest */ = {isa = PBXFileReference; explicitFileType = wrapper.cfbundle; includeInIndex = 0; path = SendTests.xctest; sourceTree = BUILT_PRODUCTS_DIR; };
		D814AD0121F574640063777E /* SendTests.swift */ = {isa = PBXFileReference; lastKnownFileType = sourcecode.swift; path = SendTests.swift; sourceTree = "<group>"; };
		D814AD0321F574640063777E /* Info.plist */ = {isa = PBXFileReference; lastKnownFileType = text.plist.xml; path = Info.plist; sourceTree = "<group>"; };
/* End PBXFileReference section */

/* Begin PBXFrameworksBuildPhase section */
		D814ACE621F574630063777E /* Frameworks */ = {
			isa = PBXFrameworksBuildPhase;
			buildActionMask = 2147483647;
			files = (
			);
			runOnlyForDeploymentPostprocessing = 0;
		};
		D814ACFA21F574640063777E /* Frameworks */ = {
			isa = PBXFrameworksBuildPhase;
			buildActionMask = 2147483647;
			files = (
			);
			runOnlyForDeploymentPostprocessing = 0;
		};
/* End PBXFrameworksBuildPhase section */

/* Begin PBXGroup section */
		D814ACE021F574630063777E = {
			isa = PBXGroup;
			children = (
				D814ACEB21F574630063777E /* Send */,
				D814AD0021F574640063777E /* SendTests */,
				D814ACEA21F574630063777E /* Products */,
			);
			sourceTree = "<group>";
		};
		D814ACEA21F574630063777E /* Products */ = {
			isa = PBXGroup;
			children = (
				D814ACE921F574630063777E /* Send.app */,
				D814ACFD21F574640063777E /* SendTests.xctest */,
			);
			name = Products;
			sourceTree = "<group>";
		};
		D814ACEB21F574630063777E /* Send */ = {
			isa = PBXGroup;
			children = (
				D814ACEC21F574630063777E /* AppDelegate.swift */,
				D814ACEE21F574630063777E /* ViewController.swift */,
				D814ACF021F574630063777E /* Main.storyboard */,
				D814ACF321F574640063777E /* Assets.xcassets */,
				D814ACF521F574640063777E /* LaunchScreen.storyboard */,
				D814ACF821F574640063777E /* Info.plist */,
			);
			path = Send;
			sourceTree = "<group>";
		};
		D814AD0021F574640063777E /* SendTests */ = {
			isa = PBXGroup;
			children = (
				D814AD0121F574640063777E /* SendTests.swift */,
				D814AD0321F574640063777E /* Info.plist */,
			);
			path = SendTests;
			sourceTree = "<group>";
		};
/* End PBXGroup section */

/* Begin PBXNativeTarget section */
		D814ACE821F574630063777E /* Send */ = {
			isa = PBXNativeTarget;
			buildConfigurationList = D814AD0621F574640063777E /* Build configuration list for PBXNativeTarget "Send" */;
			buildPhases = (
				D814ACE521F574630063777E /* Sources */,
				D814ACE621F574630063777E /* Frameworks */,
				D814ACE721F574630063777E /* Resources */,
			);
			buildRules = (
			);
			dependencies = (
			);
			name = Send;
			productName = Send;
			productReference = D814ACE921F574630063777E /* Send.app */;
			productType = "com.apple.product-type.application";
		};
		D814ACFC21F574640063777E /* SendTests */ = {
			isa = PBXNativeTarget;
			buildConfigurationList = D814AD0921F574640063777E /* Build configuration list for PBXNativeTarget "SendTests" */;
			buildPhases = (
				D814ACF921F574640063777E /* Sources */,
				D814ACFA21F574640063777E /* Frameworks */,
				D814ACFB21F574640063777E /* Resources */,
			);
			buildRules = (
			);
			dependencies = (
				D814ACFF21F574640063777E /* PBXTargetDependency */,
			);
			name = SendTests;
			productName = SendTests;
			productReference = D814ACFD21F574640063777E /* SendTests.xctest */;
			productType = "com.apple.product-type.bundle.unit-test";
		};
/* End PBXNativeTarget section */

/* Begin PBXProject section */
		D814ACE121F574630063777E /* Project object */ = {
			isa = PBXProject;
			attributes = {
				LastSwiftUpdateCheck = 1010;
				LastUpgradeCheck = 1010;
				ORGANIZATIONNAME = "Joseph Gasiorek";
				TargetAttributes = {
					D814ACE821F574630063777E = {
						CreatedOnToolsVersion = 10.1;
					};
					D814ACFC21F574640063777E = {
						CreatedOnToolsVersion = 10.1;
						TestTargetID = D814ACE821F574630063777E;
					};
				};
			};
			buildConfigurationList = D814ACE421F574630063777E /* Build configuration list for PBXProject "Send" */;
			compatibilityVersion = "Xcode 9.3";
			developmentRegion = en;
			hasScannedForEncodings = 0;
			knownRegions = (
				en,
				Base,
			);
			mainGroup = D814ACE021F574630063777E;
			productRefGroup = D814ACEA21F574630063777E /* Products */;
			projectDirPath = "";
			projectRoot = "";
			targets = (
				D814ACE821F574630063777E /* Send */,
				D814ACFC21F574640063777E /* SendTests */,
			);
		};
/* End PBXProject section */

/* Begin PBXResourcesBuildPhase section */
		D814ACE721F574630063777E /* Resources */ = {
			isa = PBXResourcesBuildPhase;
			buildActionMask = 2147483647;
			files = (
				D814ACF721F574640063777E /* LaunchScreen.storyboard in Resources */,
				D814ACF421F574640063777E /* Assets.xcassets in Resources */,
				D814ACF221F574630063777E /* Main.storyboard in Resources */,
			);
			runOnlyForDeploymentPostprocessing = 0;
		};
		D814ACFB21F574640063777E /* Resources */ = {
			isa = PBXResourcesBuildPhase;
			buildActionMask = 2147483647;
			files = (
			);
			runOnlyForDeploymentPostprocessing = 0;
		};
/* End PBXResourcesBuildPhase section */

/* Begin PBXSourcesBuildPhase section */
		D814ACE521F574630063777E /* Sources */ = {
			isa = PBXSourcesBuildPhase;
			buildActionMask = 2147483647;
			files = (
				D814ACEF21F574630063777E /* ViewController.swift in Sources */,
				D814ACED21F574630063777E /* AppDelegate.swift in Sources */,
			);
			runOnlyForDeploymentPostprocessing = 0;
		};
		D814ACF921F574640063777E /* Sources */ = {
			isa = PBXSourcesBuildPhase;
			buildActionMask = 2147483647;
			files = (
				D814AD0221F574640063777E /* SendTests.swift in Sources */,
			);
			runOnlyForDeploymentPostprocessing = 0;
		};
/* End PBXSourcesBuildPhase section */

/* Begin PBXTargetDependency section */
		D814ACFF21F574640063777E /* PBXTargetDependency */ = {
			isa = PBXTargetDependency;
			target = D814ACE821F574630063777E /* Send */;
			targetProxy = D814ACFE21F574640063777E /* PBXContainerItemProxy */;
		};
/* End PBXTargetDependency section */

/* Begin PBXVariantGroup section */
		D814ACF021F574630063777E /* Main.storyboard */ = {
			isa = PBXVariantGroup;
			children = (
				D814ACF121F574630063777E /* Base */,
			);
			name = Main.storyboard;
			sourceTree = "<group>";
		};
		D814ACF521F574640063777E /* LaunchScreen.storyboard */ = {
			isa = PBXVariantGroup;
			children = (
				D814ACF621F574640063777E /* Base */,
			);
			name = LaunchScreen.storyboard;
			sourceTree = "<group>";
		};
/* End PBXVariantGroup section */

/* Begin XCBuildConfiguration section */
		D814AD0421F574640063777E /* Debug */ = {
			isa = XCBuildConfiguration;
			buildSettings = {
				ALWAYS_SEARCH_USER_PATHS = NO;
				CLANG_ANALYZER_NONNULL = YES;
				CLANG_ANALYZER_NUMBER_OBJECT_CONVERSION = YES_AGGRESSIVE;
				CLANG_CXX_LANGUAGE_STANDARD = "gnu++14";
				CLANG_CXX_LIBRARY = "libc++";
				CLANG_ENABLE_MODULES = YES;
				CLANG_ENABLE_OBJC_ARC = YES;
				CLANG_ENABLE_OBJC_WEAK = YES;
				CLANG_WARN_BLOCK_CAPTURE_AUTORELEASING = YES;
				CLANG_WARN_BOOL_CONVERSION = YES;
				CLANG_WARN_COMMA = YES;
				CLANG_WARN_CONSTANT_CONVERSION = YES;
				CLANG_WARN_DEPRECATED_OBJC_IMPLEMENTATIONS = YES;
				CLANG_WARN_DIRECT_OBJC_ISA_USAGE = YES_ERROR;
				CLANG_WARN_DOCUMENTATION_COMMENTS = YES;
				CLANG_WARN_EMPTY_BODY = YES;
				CLANG_WARN_ENUM_CONVERSION = YES;
				CLANG_WARN_INFINITE_RECURSION = YES;
				CLANG_WARN_INT_CONVERSION = YES;
				CLANG_WARN_NON_LITERAL_NULL_CONVERSION = YES;
				CLANG_WARN_OBJC_IMPLICIT_RETAIN_SELF = YES;
				CLANG_WARN_OBJC_LITERAL_CONVERSION = YES;
				CLANG_WARN_OBJC_ROOT_CLASS = YES_ERROR;
				CLANG_WARN_RANGE_LOOP_ANALYSIS = YES;
				CLANG_WARN_STRICT_PROTOTYPES = YES;
				CLANG_WARN_SUSPICIOUS_MOVE = YES;
				CLANG_WARN_UNGUARDED_AVAILABILITY = YES_AGGRESSIVE;
				CLANG_WARN_UNREACHABLE_CODE = YES;
				CLANG_WARN__DUPLICATE_METHOD_MATCH = YES;
				CODE_SIGN_IDENTITY = "iPhone Developer";
				COPY_PHASE_STRIP = NO;
				DEBUG_INFORMATION_FORMAT = dwarf;
				ENABLE_STRICT_OBJC_MSGSEND = YES;
				ENABLE_TESTABILITY = YES;
				GCC_C_LANGUAGE_STANDARD = gnu11;
				GCC_DYNAMIC_NO_PIC = NO;
				GCC_NO_COMMON_BLOCKS = YES;
				GCC_OPTIMIZATION_LEVEL = 0;
				GCC_PREPROCESSOR_DEFINITIONS = (
					"DEBUG=1",
					"$(inherited)",
				);
				GCC_WARN_64_TO_32_BIT_CONVERSION = YES;
				GCC_WARN_ABOUT_RETURN_TYPE = YES_ERROR;
				GCC_WARN_UNDECLARED_SELECTOR = YES;
				GCC_WARN_UNINITIALIZED_AUTOS = YES_AGGRESSIVE;
				GCC_WARN_UNUSED_FUNCTION = YES;
				GCC_WARN_UNUSED_VARIABLE = YES;
				IPHONEOS_DEPLOYMENT_TARGET = 12.1;
				MTL_ENABLE_DEBUG_INFO = INCLUDE_SOURCE;
				MTL_FAST_MATH = YES;
				ONLY_ACTIVE_ARCH = YES;
				SDKROOT = iphoneos;
				SWIFT_ACTIVE_COMPILATION_CONDITIONS = DEBUG;
				SWIFT_OPTIMIZATION_LEVEL = "-Onone";
			};
			name = Debug;
		};
		D814AD0521F574640063777E /* Release */ = {
			isa = XCBuildConfiguration;
			buildSettings = {
				ALWAYS_SEARCH_USER_PATHS = NO;
				CLANG_ANALYZER_NONNULL = YES;
				CLANG_ANALYZER_NUMBER_OBJECT_CONVERSION = YES_AGGRESSIVE;
				CLANG_CXX_LANGUAGE_STANDARD = "gnu++14";
				CLANG_CXX_LIBRARY = "libc++";
				CLANG_ENABLE_MODULES = YES;
				CLANG_ENABLE_OBJC_ARC = YES;
				CLANG_ENABLE_OBJC_WEAK = YES;
				CLANG_WARN_BLOCK_CAPTURE_AUTORELEASING = YES;
				CLANG_WARN_BOOL_CONVERSION = YES;
				CLANG_WARN_COMMA = YES;
				CLANG_WARN_CONSTANT_CONVERSION = YES;
				CLANG_WARN_DEPRECATED_OBJC_IMPLEMENTATIONS = YES;
				CLANG_WARN_DIRECT_OBJC_ISA_USAGE = YES_ERROR;
				CLANG_WARN_DOCUMENTATION_COMMENTS = YES;
				CLANG_WARN_EMPTY_BODY = YES;
				CLANG_WARN_ENUM_CONVERSION = YES;
				CLANG_WARN_INFINITE_RECURSION = YES;
				CLANG_WARN_INT_CONVERSION = YES;
				CLANG_WARN_NON_LITERAL_NULL_CONVERSION = YES;
				CLANG_WARN_OBJC_IMPLICIT_RETAIN_SELF = YES;
				CLANG_WARN_OBJC_LITERAL_CONVERSION = YES;
				CLANG_WARN_OBJC_ROOT_CLASS = YES_ERROR;
				CLANG_WARN_RANGE_LOOP_ANALYSIS = YES;
				CLANG_WARN_STRICT_PROTOTYPES = YES;
				CLANG_WARN_SUSPICIOUS_MOVE = YES;
				CLANG_WARN_UNGUARDED_AVAILABILITY = YES_AGGRESSIVE;
				CLANG_WARN_UNREACHABLE_CODE = YES;
				CLANG_WARN__DUPLICATE_METHOD_MATCH = YES;
				CODE_SIGN_IDENTITY = "iPhone Developer";
				COPY_PHASE_STRIP = NO;
				DEBUG_INFORMATION_FORMAT = "dwarf-with-dsym";
				ENABLE_NS_ASSERTIONS = NO;
				ENABLE_STRICT_OBJC_MSGSEND = YES;
				GCC_C_LANGUAGE_STANDARD = gnu11;
				GCC_NO_COMMON_BLOCKS = YES;
				GCC_WARN_64_TO_32_BIT_CONVERSION = YES;
				GCC_WARN_ABOUT_RETURN_TYPE = YES_ERROR;
				GCC_WARN_UNDECLARED_SELECTOR = YES;
				GCC_WARN_UNINITIALIZED_AUTOS = YES_AGGRESSIVE;
				GCC_WARN_UNUSED_FUNCTION = YES;
				GCC_WARN_UNUSED_VARIABLE = YES;
				IPHONEOS_DEPLOYMENT_TARGET = 12.1;
				MTL_ENABLE_DEBUG_INFO = NO;
				MTL_FAST_MATH = YES;
				SDKROOT = iphoneos;
				SWIFT_COMPILATION_MODE = wholemodule;
				SWIFT_OPTIMIZATION_LEVEL = "-O";
				VALIDATE_PRODUCT = YES;
			};
			name = Release;
		};
		D814AD0721F574640063777E /* Debug */ = {
			isa = XCBuildConfiguration;
			buildSettings = {
				ASSETCATALOG_COMPILER_APPICON_NAME = AppIcon;
				CODE_SIGN_STYLE = Automatic;
				DEVELOPMENT_TEAM = 43AQ936H96;
				INFOPLIST_FILE = Send/Info.plist;
				LD_RUNPATH_SEARCH_PATHS = (
					"$(inherited)",
					"@executable_path/Frameworks",
				);
				PRODUCT_BUNDLE_IDENTIFIER = com.mozilla.Send;
				PRODUCT_NAME = "$(TARGET_NAME)";
				SWIFT_VERSION = 4.2;
				TARGETED_DEVICE_FAMILY = "1,2";
			};
			name = Debug;
		};
		D814AD0821F574640063777E /* Release */ = {
			isa = XCBuildConfiguration;
			buildSettings = {
				ASSETCATALOG_COMPILER_APPICON_NAME = AppIcon;
				CODE_SIGN_STYLE = Automatic;
				DEVELOPMENT_TEAM = 43AQ936H96;
				INFOPLIST_FILE = Send/Info.plist;
				LD_RUNPATH_SEARCH_PATHS = (
					"$(inherited)",
					"@executable_path/Frameworks",
				);
				PRODUCT_BUNDLE_IDENTIFIER = com.mozilla.Send;
				PRODUCT_NAME = "$(TARGET_NAME)";
				SWIFT_VERSION = 4.2;
				TARGETED_DEVICE_FAMILY = "1,2";
			};
			name = Release;
		};
		D814AD0A21F574640063777E /* Debug */ = {
			isa = XCBuildConfiguration;
			buildSettings = {
				ALWAYS_EMBED_SWIFT_STANDARD_LIBRARIES = YES;
				BUNDLE_LOADER = "$(TEST_HOST)";
				CODE_SIGN_STYLE = Automatic;
				DEVELOPMENT_TEAM = 43AQ936H96;
				INFOPLIST_FILE = SendTests/Info.plist;
				LD_RUNPATH_SEARCH_PATHS = (
					"$(inherited)",
					"@executable_path/Frameworks",
					"@loader_path/Frameworks",
				);
				PRODUCT_BUNDLE_IDENTIFIER = com.mozilla.SendTests;
				PRODUCT_NAME = "$(TARGET_NAME)";
				SWIFT_VERSION = 4.2;
				TARGETED_DEVICE_FAMILY = "1,2";
				TEST_HOST = "$(BUILT_PRODUCTS_DIR)/Send.app/Send";
			};
			name = Debug;
		};
		D814AD0B21F574640063777E /* Release */ = {
			isa = XCBuildConfiguration;
			buildSettings = {
				ALWAYS_EMBED_SWIFT_STANDARD_LIBRARIES = YES;
				BUNDLE_LOADER = "$(TEST_HOST)";
				CODE_SIGN_STYLE = Automatic;
				DEVELOPMENT_TEAM = 43AQ936H96;
				INFOPLIST_FILE = SendTests/Info.plist;
				LD_RUNPATH_SEARCH_PATHS = (
					"$(inherited)",
					"@executable_path/Frameworks",
					"@loader_path/Frameworks",
				);
				PRODUCT_BUNDLE_IDENTIFIER = com.mozilla.SendTests;
				PRODUCT_NAME = "$(TARGET_NAME)";
				SWIFT_VERSION = 4.2;
				TARGETED_DEVICE_FAMILY = "1,2";
				TEST_HOST = "$(BUILT_PRODUCTS_DIR)/Send.app/Send";
			};
			name = Release;
		};
/* End XCBuildConfiguration section */

/* Begin XCConfigurationList section */
		D814ACE421F574630063777E /* Build configuration list for PBXProject "Send" */ = {
			isa = XCConfigurationList;
			buildConfigurations = (
				D814AD0421F574640063777E /* Debug */,
				D814AD0521F574640063777E /* Release */,
			);
			defaultConfigurationIsVisible = 0;
			defaultConfigurationName = Release;
		};
		D814AD0621F574640063777E /* Build configuration list for PBXNativeTarget "Send" */ = {
			isa = XCConfigurationList;
			buildConfigurations = (
				D814AD0721F574640063777E /* Debug */,
				D814AD0821F574640063777E /* Release */,
			);
			defaultConfigurationIsVisible = 0;
			defaultConfigurationName = Release;
		};
		D814AD0921F574640063777E /* Build configuration list for PBXNativeTarget "SendTests" */ = {
			isa = XCConfigurationList;
			buildConfigurations = (
				D814AD0A21F574640063777E /* Debug */,
				D814AD0B21F574640063777E /* Release */,
			);
			defaultConfigurationIsVisible = 0;
			defaultConfigurationName = Release;
		};
/* End XCConfigurationList section */
	};
	rootObject = D814ACE121F574630063777E /* Project object */;
}
